{
  "version": "5",
  "specifiers": {
    "jsr:@std/assert@^1.0.16": "1.0.19",
    "jsr:@std/collections@^1.1.3": "1.3.0",
    "jsr:@std/collections@^1.3.0": "1.3.0",
    "jsr:@std/front-matter@^1.0.9": "1.0.9",
    "jsr:@std/internal@^1.0.12": "1.0.14",
    "jsr:@std/toml@^1.0.3": "1.0.11",
    "jsr:@std/yaml@^1.0.5": "1.1.0"
  },
  "jsr": {
    "@std/assert@1.0.19": {
      "integrity": "eaada96ee120cb980bc47e040f82814d786fe8162ecc53c91d8df60b8755991e",
      "dependencies": [
        "jsr:@std/internal"
      ]
    },
    "@std/collections@1.1.3": {
      "integrity": "bf8b0818886df6a32b64c7d3b037a425111f28278d69fd0995aeb62777c986b0"
    },
    "@std/collections@1.3.0": {
      "integrity": "eb36b43d784477ea0b476483ac034a14bdd182aff921c812ecf662a1fcef9498"
    },
    "@std/front-matter@1.0.9": {
      "integrity": "ee6201d06674cbef137dda2252f62477450b48249e7d8d9ab57a30f85ff6f051",
      "dependencies": [
        "jsr:@std/toml",
        "jsr:@std/yaml"
      ]
    },
    "@std/internal@1.0.14": {
      "integrity": "291516b3d4c35024d6ffbc0a9df5bf4c64116e05b50012cf846710152d2ffdf7"
    },
    "@std/toml@1.0.11": {
      "integrity": "e084988b872ca4bad6aedfb7350f6eeed0e8ba88e9ee5e1590621c5b5bb8f715",
      "dependencies": [
        "jsr:@std/collections@^1.1.3"
      ]
    },
    "@std/yaml@1.1.0": {
      "integrity": "fc1c5c63e05c4c5eb6118355f557958035d41940d6c29d35b306ef7155d6edb0"
    }
  },
  "workspace": {
    "dependencies": [
      "jsr:@std/assert@^1.0.16",
      "jsr:@std/collections@^1.3.0",
      "jsr:@std/front-matter@^1.0.9"
    ]
  }
}
